
Microsoft Visual Studio Solution File, Format Version 12.00
# Visual Studio Version 17
VisualStudioVersion = 17.7.34202.233
MinimumVisualStudioVersion = 10.0.40219.1
Project("{9A19103F-16F7-4668-BE54-9A1E7A4F7556}") = "TicketManagement.Services.EventCatalog", "TicketManagement.Services.EventCatalog.csproj", "{C3387547-99BB-45C0-A757-BCC05DB8A2F8}"
EndProject
Project("{9A19103F-16F7-4668-BE54-9A1E7A4F7556}") = "TicketManagement.Services.EventCatalog.Core", "..\EventCatalog.Core\TicketManagement.Services.EventCatalog.Core.csproj", "{4728B8DF-09E7-4C19-95B6-020228D6DBAE}"
EndProject
Project("{9A19103F-16F7-4668-BE54-9A1E7A4F7556}") = "TicketManagement.Services.EventCatalog.Application", "..\TicketManagement.Services.EventCatalog.Application\TicketManagement.Services.EventCatalog.Application.csproj", "{2FA802CC-E803-4E64-9641-A67BFFED67E6}"
EndProject
Project("{9A19103F-16F7-4668-BE54-9A1E7A4F7556}") = "TicketManagement.Services.EventCatalog.Infrastructure", "..\TicketManagement.Services.EventCatalog.Infrastructure\TicketManagement.Services.EventCatalog.Infrastructure.csproj", "{A90B5DF7-1799-4366-B832-C801D0A884A2}"
EndProject
Project("{2150E333-8FDC-42A3-9474-1A3956D46DE8}") = "Solution Items", "Solution Items", "{DA2DDC62-52FF-4006-8060-2E9B8116408A}"
	ProjectSection(SolutionItems) = preProject
		eventcatalog.proto = eventcatalog.proto
	EndProjectSection
EndProject
Global
	GlobalSection(SolutionConfigurationPlatforms) = preSolution
		Debug|Any CPU = Debug|Any CPU
		Release|Any CPU = Release|Any CPU
	EndGlobalSection
	GlobalSection(ProjectConfigurationPlatforms) = postSolution
		{C3387547-99BB-45C0-A757-BCC05DB8A2F8}.Debug|Any CPU.ActiveCfg = Debug|Any CPU
		{C3387547-99BB-45C0-A757-BCC05DB8A2F8}.Debug|Any CPU.Build.0 = Debug|Any CPU
		{C3387547-99BB-45C0-A757-BCC05DB8A2F8}.Release|Any CPU.ActiveCfg = Release|Any CPU
		{C3387547-99BB-45C0-A757-BCC05DB8A2F8}.Release|Any CPU.Build.0 = Release|Any CPU
		{4728B8DF-09E7-4C19-95B6-020228D6DBAE}.Debug|Any CPU.ActiveCfg = Debug|Any CPU
		{4728B8DF-09E7-4C19-95B6-020228D6DBAE}.Debug|Any CPU.Build.0 = Debug|Any CPU
		{4728B8DF-09E7-4C19-95B6-020228D6DBAE}.Release|Any CPU.ActiveCfg = Release|Any CPU
		{4728B8DF-09E7-4C19-95B6-020228D6DBAE}.Release|Any CPU.Build.0 = Release|Any CPU
		{2FA802CC-E803-4E64-9641-A67BFFED67E6}.Debug|Any CPU.ActiveCfg = Debug|Any CPU
		{2FA802CC-E803-4E64-9641-A67BFFED67E6}.Debug|Any CPU.Build.0 = Debug|Any CPU
		{2FA802CC-E803-4E64-9641-A67BFFED67E6}.Release|Any CPU.ActiveCfg = Release|Any CPU
		{2FA802CC-E803-4E64-9641-A67BFFED67E6}.Release|Any CPU.Build.0 = Release|Any CPU
		{A90B5DF7-1799-4366-B832-C801D0A884A2}.Debug|Any CPU.ActiveCfg = Debug|Any CPU
		{A90B5DF7-1799-4366-B832-C801D0A884A2}.Debug|Any CPU.Build.0 = Debug|Any CPU
		{A90B5DF7-1799-4366-B832-C801D0A884A2}.Release|Any CPU.ActiveCfg = Release|Any CPU
		{A90B5DF7-1799-4366-B832-C801D0A884A2}.Release|Any CPU.Build.0 = Release|Any CPU
	EndGlobalSection
	GlobalSection(SolutionProperties) = preSolution
		HideSolutionNode = FALSE
	EndGlobalSection
	GlobalSection(ExtensibilityGlobals) = postSolution
		SolutionGuid = {3FCCF80B-C6C6-4EA5-B189-FEA8BA2CB5E8}
	EndGlobalSection
EndGlobal
